
Microsoft Visual Studio Solution File, Format Version 12.00
# Visual Studio Version 17
VisualStudioVersion = 17.14.36518.9
MinimumVisualStudioVersion = 10.0.40219.1
Project("{2150E333-8FDC-42A3-9474-1A3956D46DE8}") = "src", "src", "{02EA681E-C7D8-13C7-8484-4AC65E1B71E8}"
EndProject
Project("{2150E333-8FDC-42A3-9474-1A3956D46DE8}") = "01.Domain", "01.Domain", "{E8B1D299-49CE-4F88-A5DD-94FB13C23E26}"
EndProject
Project("{2150E333-8FDC-42A3-9474-1A3956D46DE8}") = "02.InfraStructure", "02.InfraStructure", "{1ED647FC-6515-4D9B-A9F8-2B274B6AE47D}"
EndProject
Project("{2150E333-8FDC-42A3-9474-1A3956D46DE8}") = "03.Presentation", "03.Presentation", "{03AC13CC-1B60-472D-9513-ABA3B1467226}"
EndProject
Project("{2150E333-8FDC-42A3-9474-1A3956D46DE8}") = "Core", "Core", "{EC1F15D1-F03F-48A4-B689-AB015EDF7CFD}"
EndProject
Project("{2150E333-8FDC-42A3-9474-1A3956D46DE8}") = "Services", "Services", "{D304D683-50A3-4600-80EC-A4B15D9C9BE8}"
EndProject
Project("{2150E333-8FDC-42A3-9474-1A3956D46DE8}") = "DataAccess", "DataAccess", "{859A774D-6B64-4585-BF82-FBE8D4D2289C}"
EndProject
Project("{2150E333-8FDC-42A3-9474-1A3956D46DE8}") = "Db", "Db", "{6D395216-662E-4768-8BF9-BC62DC346905}"
EndProject
Project("{FAE04EC0-301F-11D3-BF4B-00C04F79EFBC}") = "App.Domain.Core", "src\01.Domain\Core\App.Domain.Core\App.Domain.Core.csproj", "{ACEDC251-17F0-4ACE-ABDF-2D94F11C85DA}"
EndProject
Project("{FAE04EC0-301F-11D3-BF4B-00C04F79EFBC}") = "App.Domain.AppServices", "src\01.Domain\Services\App.Domain.AppServices\App.Domain.AppServices.csproj", "{9068C35A-BD28-46CD-8250-00F8F76098A6}"
EndProject
Project("{FAE04EC0-301F-11D3-BF4B-00C04F79EFBC}") = "App.Domain.Services", "src\01.Domain\Services\App.Domain.Services\App.Domain.Services.csproj", "{AA4A98B2-6D07-414C-A99A-F9F7A0C17C46}"
EndProject
Project("{FAE04EC0-301F-11D3-BF4B-00C04F79EFBC}") = "App.Infra.Data.Repos.Ef", "src\02.Infrastructure\DataAccess\App.Infra.Data.Repos.Ef\App.Infra.Data.Repos.Ef.csproj", "{098605B4-486E-44AE-B395-DBF570E6A193}"
EndProject
Project("{FAE04EC0-301F-11D3-BF4B-00C04F79EFBC}") = "App.Infra.Db.SqlServer.Ef", "src\02.Infrastructure\Db\App.Infra.Db.SqlServer.Ef\App.Infra.Db.SqlServer.Ef.csproj", "{3F34627C-9B13-4C3F-83CB-4032D917BE72}"
EndProject
Project("{FAE04EC0-301F-11D3-BF4B-00C04F79EFBC}") = "App.EndPoints.MVC.HomeService", "src\03.Presentation\App.EndPoints.MVC.HomeService\App.EndPoints.MVC.HomeService.csproj", "{ED10BB0A-7844-4781-91BA-EECC213DF7F1}"
EndProject
Project("{2150E333-8FDC-42A3-9474-1A3956D46DE8}") = "00.Framework", "00.Framework", "{2D1B49CF-C8B4-457A-BDB8-93CA6ABDE938}"
EndProject
Project("{FAE04EC0-301F-11D3-BF4B-00C04F79EFBC}") = "App.Framework", "src\00.Framework\App.Framework\App.Framework.csproj", "{D386DA7F-5F8F-47FE-823F-39B320EDFE4E}"
EndProject
Project("{FAE04EC0-301F-11D3-BF4B-00C04F79EFBC}") = "App.Infra.Cache", "src\02.Infrastructure\App.Infra.Cache\App.Infra.Cache.csproj", "{220002B4-C50A-4E1D-9847-FDC52DC55037}"
EndProject
Project("{FAE04EC0-301F-11D3-BF4B-00C04F79EFBC}") = "App.EndPoints.WebApI.HomeService", "src\03.Presentation\App.EndPoints.WebApI.HomeService\App.EndPoints.WebApI.HomeService.csproj", "{D60C3CF1-2061-40FC-8E59-0F48F6CCFF5B}"
EndProject
Project("{FAE04EC0-301F-11D3-BF4B-00C04F79EFBC}") = "App.Infra.Data.Repos.Dapper", "src\02.Infrastructure\DataAccess\App.Infra.Data.Repos.Dapper\App.Infra.Data.Repos.Dapper.csproj", "{2152BABD-283D-4DEC-86C0-895B87BA5B6E}"
EndProject
Global
	GlobalSection(SolutionConfigurationPlatforms) = preSolution
		Debug|Any CPU = Debug|Any CPU
		Release|Any CPU = Release|Any CPU
	EndGlobalSection
	GlobalSection(ProjectConfigurationPlatforms) = postSolution
		{ACEDC251-17F0-4ACE-ABDF-2D94F11C85DA}.Debug|Any CPU.ActiveCfg = Debug|Any CPU
		{ACEDC251-17F0-4ACE-ABDF-2D94F11C85DA}.Debug|Any CPU.Build.0 = Debug|Any CPU
		{ACEDC251-17F0-4ACE-ABDF-2D94F11C85DA}.Release|Any CPU.ActiveCfg = Release|Any CPU
		{ACEDC251-17F0-4ACE-ABDF-2D94F11C85DA}.Release|Any CPU.Build.0 = Release|Any CPU
		{9068C35A-BD28-46CD-8250-00F8F76098A6}.Debug|Any CPU.ActiveCfg = Debug|Any CPU
		{9068C35A-BD28-46CD-8250-00F8F76098A6}.Debug|Any CPU.Build.0 = Debug|Any CPU
		{9068C35A-BD28-46CD-8250-00F8F76098A6}.Release|Any CPU.ActiveCfg = Release|Any CPU
		{9068C35A-BD28-46CD-8250-00F8F76098A6}.Release|Any CPU.Build.0 = Release|Any CPU
		{AA4A98B2-6D07-414C-A99A-F9F7A0C17C46}.Debug|Any CPU.ActiveCfg = Debug|Any CPU
		{AA4A98B2-6D07-414C-A99A-F9F7A0C17C46}.Debug|Any CPU.Build.0 = Debug|Any CPU
		{AA4A98B2-6D07-414C-A99A-F9F7A0C17C46}.Release|Any CPU.ActiveCfg = Release|Any CPU
		{AA4A98B2-6D07-414C-A99A-F9F7A0C17C46}.Release|Any CPU.Build.0 = Release|Any CPU
		{098605B4-486E-44AE-B395-DBF570E6A193}.Debug|Any CPU.ActiveCfg = Debug|Any CPU
		{098605B4-486E-44AE-B395-DBF570E6A193}.Debug|Any CPU.Build.0 = Debug|Any CPU
		{098605B4-486E-44AE-B395-DBF570E6A193}.Release|Any CPU.ActiveCfg = Release|Any CPU
		{098605B4-486E-44AE-B395-DBF570E6A193}.Release|Any CPU.Build.0 = Release|Any CPU
		{3F34627C-9B13-4C3F-83CB-4032D917BE72}.Debug|Any CPU.ActiveCfg = Debug|Any CPU
		{3F34627C-9B13-4C3F-83CB-4032D917BE72}.Debug|Any CPU.Build.0 = Debug|Any CPU
		{3F34627C-9B13-4C3F-83CB-4032D917BE72}.Release|Any CPU.ActiveCfg = Release|Any CPU
		{3F34627C-9B13-4C3F-83CB-4032D917BE72}.Release|Any CPU.Build.0 = Release|Any CPU
		{ED10BB0A-7844-4781-91BA-EECC213DF7F1}.Debug|Any CPU.ActiveCfg = Debug|Any CPU
		{ED10BB0A-7844-4781-91BA-EECC213DF7F1}.Debug|Any CPU.Build.0 = Debug|Any CPU
		{ED10BB0A-7844-4781-91BA-EECC213DF7F1}.Release|Any CPU.ActiveCfg = Release|Any CPU
		{ED10BB0A-7844-4781-91BA-EECC213DF7F1}.Release|Any CPU.Build.0 = Release|Any CPU
		{D386DA7F-5F8F-47FE-823F-39B320EDFE4E}.Debug|Any CPU.ActiveCfg = Debug|Any CPU
		{D386DA7F-5F8F-47FE-823F-39B320EDFE4E}.Debug|Any CPU.Build.0 = Debug|Any CPU
		{D386DA7F-5F8F-47FE-823F-39B320EDFE4E}.Release|Any CPU.ActiveCfg = Release|Any CPU
		{D386DA7F-5F8F-47FE-823F-39B320EDFE4E}.Release|Any CPU.Build.0 = Release|Any CPU
		{220002B4-C50A-4E1D-9847-FDC52DC55037}.Debug|Any CPU.ActiveCfg = Debug|Any CPU
		{220002B4-C50A-4E1D-9847-FDC52DC55037}.Debug|Any CPU.Build.0 = Debug|Any CPU
		{220002B4-C50A-4E1D-9847-FDC52DC55037}.Release|Any CPU.ActiveCfg = Release|Any CPU
		{220002B4-C50A-4E1D-9847-FDC52DC55037}.Release|Any CPU.Build.0 = Release|Any CPU
		{D60C3CF1-2061-40FC-8E59-0F48F6CCFF5B}.Debug|Any CPU.ActiveCfg = Debug|Any CPU
		{D60C3CF1-2061-40FC-8E59-0F48F6CCFF5B}.Debug|Any CPU.Build.0 = Debug|Any CPU
		{D60C3CF1-2061-40FC-8E59-0F48F6CCFF5B}.Release|Any CPU.ActiveCfg = Release|Any CPU
		{D60C3CF1-2061-40FC-8E59-0F48F6CCFF5B}.Release|Any CPU.Build.0 = Release|Any CPU
		{2152BABD-283D-4DEC-86C0-895B87BA5B6E}.Debug|Any CPU.ActiveCfg = Debug|Any CPU
		{2152BABD-283D-4DEC-86C0-895B87BA5B6E}.Debug|Any CPU.Build.0 = Debug|Any CPU
		{2152BABD-283D-4DEC-86C0-895B87BA5B6E}.Release|Any CPU.ActiveCfg = Release|Any CPU
		{2152BABD-283D-4DEC-86C0-895B87BA5B6E}.Release|Any CPU.Build.0 = Release|Any CPU
	EndGlobalSection
	GlobalSection(SolutionProperties) = preSolution
		HideSolutionNode = FALSE
	EndGlobalSection
	GlobalSection(NestedProjects) = preSolution
		{E8B1D299-49CE-4F88-A5DD-94FB13C23E26} = {02EA681E-C7D8-13C7-8484-4AC65E1B71E8}
		{1ED647FC-6515-4D9B-A9F8-2B274B6AE47D} = {02EA681E-C7D8-13C7-8484-4AC65E1B71E8}
		{03AC13CC-1B60-472D-9513-ABA3B1467226} = {02EA681E-C7D8-13C7-8484-4AC65E1B71E8}
		{EC1F15D1-F03F-48A4-B689-AB015EDF7CFD} = {E8B1D299-49CE-4F88-A5DD-94FB13C23E26}
		{D304D683-50A3-4600-80EC-A4B15D9C9BE8} = {E8B1D299-49CE-4F88-A5DD-94FB13C23E26}
		{859A774D-6B64-4585-BF82-FBE8D4D2289C} = {1ED647FC-6515-4D9B-A9F8-2B274B6AE47D}
		{6D395216-662E-4768-8BF9-BC62DC346905} = {1ED647FC-6515-4D9B-A9F8-2B274B6AE47D}
		{ACEDC251-17F0-4ACE-ABDF-2D94F11C85DA} = {EC1F15D1-F03F-48A4-B689-AB015EDF7CFD}
		{9068C35A-BD28-46CD-8250-00F8F76098A6} = {D304D683-50A3-4600-80EC-A4B15D9C9BE8}
		{AA4A98B2-6D07-414C-A99A-F9F7A0C17C46} = {D304D683-50A3-4600-80EC-A4B15D9C9BE8}
		{098605B4-486E-44AE-B395-DBF570E6A193} = {859A774D-6B64-4585-BF82-FBE8D4D2289C}
		{3F34627C-9B13-4C3F-83CB-4032D917BE72} = {6D395216-662E-4768-8BF9-BC62DC346905}
		{ED10BB0A-7844-4781-91BA-EECC213DF7F1} = {03AC13CC-1B60-472D-9513-ABA3B1467226}
		{2D1B49CF-C8B4-457A-BDB8-93CA6ABDE938} = {02EA681E-C7D8-13C7-8484-4AC65E1B71E8}
		{D386DA7F-5F8F-47FE-823F-39B320EDFE4E} = {2D1B49CF-C8B4-457A-BDB8-93CA6ABDE938}
		{220002B4-C50A-4E1D-9847-FDC52DC55037} = {1ED647FC-6515-4D9B-A9F8-2B274B6AE47D}
		{D60C3CF1-2061-40FC-8E59-0F48F6CCFF5B} = {03AC13CC-1B60-472D-9513-ABA3B1467226}
		{2152BABD-283D-4DEC-86C0-895B87BA5B6E} = {859A774D-6B64-4585-BF82-FBE8D4D2289C}
	EndGlobalSection
	GlobalSection(ExtensibilityGlobals) = postSolution
		SolutionGuid = {F68C8FE8-8772-415F-804A-B71404C5CC68}
	EndGlobalSection
EndGlobal
